
Microsoft Visual Studio Solution File, Format Version 12.00
# Visual Studio Version 17
Project("{2150E333-8FDC-42A3-9474-1A3956D46DE8}") = "Hosting-Examples", "Hosting-Examples", "{F01533EA-A687-3608-9F2E-D9ABE2A2DD0E}"
EndProject
Project("{2150E333-8FDC-42A3-9474-1A3956D46DE8}") = "Libraries", "Libraries", "{77707331-FB65-3380-8425-44A3CD87D8D5}"
EndProject
Project("{2150E333-8FDC-42A3-9474-1A3956D46DE8}") = "Predefined", "Predefined", "{50FE5C33-BE10-303F-997E-0D6AC4CBE3A1}"
EndProject
Project("{2150E333-8FDC-42A3-9474-1A3956D46DE8}") = "Utilities", "Utilities", "{EB4CA975-9440-3C4E-BF7B-7FD6ED0AB1C8}"
EndProject
Project("{8BC9CEB8-8B4A-11D0-8D11-00A0C91BC942}") = "ALL_BUILD", "ALL_BUILD.vcxproj", "{1BF3C5FF-A35B-35B9-B663-0D1DC70C6502}"
	ProjectSection(ProjectDependencies) = postProject
		{B44021C1-108D-370A-9E89-73D5B04CEDF7} = {B44021C1-108D-370A-9E89-73D5B04CEDF7}
		{CE07F040-4E18-3860-A0D2-2CAE05B19D98} = {CE07F040-4E18-3860-A0D2-2CAE05B19D98}
		{9585DCED-8A5C-39CE-AB63-8CFC0014F5E7} = {9585DCED-8A5C-39CE-AB63-8CFC0014F5E7}
		{EBADDA9B-156E-37EF-BE5F-65A84B41F92A} = {EBADDA9B-156E-37EF-BE5F-65A84B41F92A}
		{2EE76731-BF46-32A6-9CA8-6440F56F9E3E} = {2EE76731-BF46-32A6-9CA8-6440F56F9E3E}
		{8D9B1D6F-0290-3965-BFCE-99D7B1B45C4C} = {8D9B1D6F-0290-3965-BFCE-99D7B1B45C4C}
		{C4342937-E66A-3841-BCAB-D99FCAA8C615} = {C4342937-E66A-3841-BCAB-D99FCAA8C615}
		{4AA4AA3A-29EC-3F69-B8EF-8A822EFEEFFE} = {4AA4AA3A-29EC-3F69-B8EF-8A822EFEEFFE}
		{DDF11400-0347-32CA-9AB6-5708D2F8ABE5} = {DDF11400-0347-32CA-9AB6-5708D2F8ABE5}
		{D4499066-C91C-3616-BD94-410CE7025C52} = {D4499066-C91C-3616-BD94-410CE7025C52}
		{D25A6F21-6944-3302-B729-E908DCFDBDC1} = {D25A6F21-6944-3302-B729-E908DCFDBDC1}
		{520385C9-73E4-33FF-97F0-FFC955B3FA04} = {520385C9-73E4-33FF-97F0-FFC955B3FA04}
		{DCE2B7FB-D9E8-3EE6-9609-70AC4ADB2775} = {DCE2B7FB-D9E8-3EE6-9609-70AC4ADB2775}
	EndProjectSection
EndProject
Project("{8BC9CEB8-8B4A-11D0-8D11-00A0C91BC942}") = "ZERO_CHECK", "..\\ZERO_CHECK.vcxproj", "{B44021C1-108D-370A-9E89-73D5B04CEDF7}"
	ProjectSection(ProjectDependencies) = postProject
	EndProjectSection
EndProject
Project("{8BC9CEB8-8B4A-11D0-8D11-00A0C91BC942}") = "base", "base.vcxproj", "{CE07F040-4E18-3860-A0D2-2CAE05B19D98}"
	ProjectSection(ProjectDependencies) = postProject
		{B44021C1-108D-370A-9E89-73D5B04CEDF7} = {B44021C1-108D-370A-9E89-73D5B04CEDF7}
	EndProjectSection
EndProject
Project("{8BC9CEB8-8B4A-11D0-8D11-00A0C91BC942}") = "cmake_VST_modules", "cmake_VST_modules.vcxproj", "{EB201D37-D609-3875-8F81-F4BEAD4A77C4}"
	ProjectSection(ProjectDependencies) = postProject
		{B44021C1-108D-370A-9E89-73D5B04CEDF7} = {B44021C1-108D-370A-9E89-73D5B04CEDF7}
	EndProjectSection
EndProject
Project("{8BC9CEB8-8B4A-11D0-8D11-00A0C91BC942}") = "cmake_modules", "cmake_modules.vcxproj", "{EE8C5FC6-279D-3855-8D5E-15F457158976}"
	ProjectSection(ProjectDependencies) = postProject
		{B44021C1-108D-370A-9E89-73D5B04CEDF7} = {B44021C1-108D-370A-9E89-73D5B04CEDF7}
	EndProjectSection
EndProject
Project("{8BC9CEB8-8B4A-11D0-8D11-00A0C91BC942}") = "moduleinfotool", "public.sdk\samples\vst-utilities\moduleinfotool\moduleinfotool.vcxproj", "{9585DCED-8A5C-39CE-AB63-8CFC0014F5E7}"
	ProjectSection(ProjectDependencies) = postProject
		{B44021C1-108D-370A-9E89-73D5B04CEDF7} = {B44021C1-108D-370A-9E89-73D5B04CEDF7}
		{CE07F040-4E18-3860-A0D2-2CAE05B19D98} = {CE07F040-4E18-3860-A0D2-2CAE05B19D98}
		{EBADDA9B-156E-37EF-BE5F-65A84B41F92A} = {EBADDA9B-156E-37EF-BE5F-65A84B41F92A}
		{8D9B1D6F-0290-3965-BFCE-99D7B1B45C4C} = {8D9B1D6F-0290-3965-BFCE-99D7B1B45C4C}
		{C4342937-E66A-3841-BCAB-D99FCAA8C615} = {C4342937-E66A-3841-BCAB-D99FCAA8C615}
	EndProjectSection
EndProject
Project("{8BC9CEB8-8B4A-11D0-8D11-00A0C91BC942}") = "pluginterfaces", "pluginterfaces.vcxproj", "{EBADDA9B-156E-37EF-BE5F-65A84B41F92A}"
	ProjectSection(ProjectDependencies) = postProject
		{B44021C1-108D-370A-9E89-73D5B04CEDF7} = {B44021C1-108D-370A-9E89-73D5B04CEDF7}
	EndProjectSection
EndProject
Project("{8BC9CEB8-8B4A-11D0-8D11-00A0C91BC942}") = "sdk", "sdk.vcxproj", "{2EE76731-BF46-32A6-9CA8-6440F56F9E3E}"
	ProjectSection(ProjectDependencies) = postProject
		{B44021C1-108D-370A-9E89-73D5B04CEDF7} = {B44021C1-108D-370A-9E89-73D5B04CEDF7}
		{CE07F040-4E18-3860-A0D2-2CAE05B19D98} = {CE07F040-4E18-3860-A0D2-2CAE05B19D98}
		{EBADDA9B-156E-37EF-BE5F-65A84B41F92A} = {EBADDA9B-156E-37EF-BE5F-65A84B41F92A}
		{8D9B1D6F-0290-3965-BFCE-99D7B1B45C4C} = {8D9B1D6F-0290-3965-BFCE-99D7B1B45C4C}
	EndProjectSection
EndProject
Project("{8BC9CEB8-8B4A-11D0-8D11-00A0C91BC942}") = "sdk_common", "sdk_common.vcxproj", "{8D9B1D6F-0290-3965-BFCE-99D7B1B45C4C}"
	ProjectSection(ProjectDependencies) = postProject
		{B44021C1-108D-370A-9E89-73D5B04CEDF7} = {B44021C1-108D-370A-9E89-73D5B04CEDF7}
		{CE07F040-4E18-3860-A0D2-2CAE05B19D98} = {CE07F040-4E18-3860-A0D2-2CAE05B19D98}
		{EBADDA9B-156E-37EF-BE5F-65A84B41F92A} = {EBADDA9B-156E-37EF-BE5F-65A84B41F92A}
	EndProjectSection
EndProject
Project("{8BC9CEB8-8B4A-11D0-8D11-00A0C91BC942}") = "sdk_hosting", "sdk_hosting.vcxproj", "{C4342937-E66A-3841-BCAB-D99FCAA8C615}"
	ProjectSection(ProjectDependencies) = postProject
		{B44021C1-108D-370A-9E89-73D5B04CEDF7} = {B44021C1-108D-370A-9E89-73D5B04CEDF7}
		{CE07F040-4E18-3860-A0D2-2CAE05B19D98} = {CE07F040-4E18-3860-A0D2-2CAE05B19D98}
		{EBADDA9B-156E-37EF-BE5F-65A84B41F92A} = {EBADDA9B-156E-37EF-BE5F-65A84B41F92A}
		{8D9B1D6F-0290-3965-BFCE-99D7B1B45C4C} = {8D9B1D6F-0290-3965-BFCE-99D7B1B45C4C}
	EndProjectSection
EndProject
Project("{8BC9CEB8-8B4A-11D0-8D11-00A0C91BC942}") = "validator", "public.sdk\samples\vst-hosting\validator\validator.vcxproj", "{4AA4AA3A-29EC-3F69-B8EF-8A822EFEEFFE}"
	ProjectSection(ProjectDependencies) = postProject
		{B44021C1-108D-370A-9E89-73D5B04CEDF7} = {B44021C1-108D-370A-9E89-73D5B04CEDF7}
		{CE07F040-4E18-3860-A0D2-2CAE05B19D98} = {CE07F040-4E18-3860-A0D2-2CAE05B19D98}
		{EBADDA9B-156E-37EF-BE5F-65A84B41F92A} = {EBADDA9B-156E-37EF-BE5F-65A84B41F92A}
		{8D9B1D6F-0290-3965-BFCE-99D7B1B45C4C} = {8D9B1D6F-0290-3965-BFCE-99D7B1B45C4C}
		{C4342937-E66A-3841-BCAB-D99FCAA8C615} = {C4342937-E66A-3841-BCAB-D99FCAA8C615}
	EndProjectSection
EndProject
Project("{8BC9CEB8-8B4A-11D0-8D11-00A0C91BC942}") = "vstgui", "VSTGUI.build\vstgui\lib\vstgui.vcxproj", "{DDF11400-0347-32CA-9AB6-5708D2F8ABE5}"
	ProjectSection(ProjectDependencies) = postProject
		{B44021C1-108D-370A-9E89-73D5B04CEDF7} = {B44021C1-108D-370A-9E89-73D5B04CEDF7}
	EndProjectSection
EndProject
Project("{8BC9CEB8-8B4A-11D0-8D11-00A0C91BC942}") = "vstgui_standalone", "VSTGUI.build\vstgui\standalone\vstgui_standalone.vcxproj", "{D4499066-C91C-3616-BD94-410CE7025C52}"
	ProjectSection(ProjectDependencies) = postProject
		{B44021C1-108D-370A-9E89-73D5B04CEDF7} = {B44021C1-108D-370A-9E89-73D5B04CEDF7}
	EndProjectSection
EndProject
Project("{8BC9CEB8-8B4A-11D0-8D11-00A0C91BC942}") = "vstgui_support", "vstgui_support.vcxproj", "{D25A6F21-6944-3302-B729-E908DCFDBDC1}"
	ProjectSection(ProjectDependencies) = postProject
		{B44021C1-108D-370A-9E89-73D5B04CEDF7} = {B44021C1-108D-370A-9E89-73D5B04CEDF7}
		{CE07F040-4E18-3860-A0D2-2CAE05B19D98} = {CE07F040-4E18-3860-A0D2-2CAE05B19D98}
		{DDF11400-0347-32CA-9AB6-5708D2F8ABE5} = {DDF11400-0347-32CA-9AB6-5708D2F8ABE5}
		{520385C9-73E4-33FF-97F0-FFC955B3FA04} = {520385C9-73E4-33FF-97F0-FFC955B3FA04}
	EndProjectSection
EndProject
Project("{8BC9CEB8-8B4A-11D0-8D11-00A0C91BC942}") = "vstgui_uidescription", "VSTGUI.build\vstgui\uidescription\vstgui_uidescription.vcxproj", "{520385C9-73E4-33FF-97F0-FFC955B3FA04}"
	ProjectSection(ProjectDependencies) = postProject
		{B44021C1-108D-370A-9E89-73D5B04CEDF7} = {B44021C1-108D-370A-9E89-73D5B04CEDF7}
		{DDF11400-0347-32CA-9AB6-5708D2F8ABE5} = {DDF11400-0347-32CA-9AB6-5708D2F8ABE5}
	EndProjectSection
EndProject
Project("{8BC9CEB8-8B4A-11D0-8D11-00A0C91BC942}") = "vstgui_uiscripting", "VSTGUI.build\vstgui\uidescription-scripting\vstgui_uiscripting.vcxproj", "{DCE2B7FB-D9E8-3EE6-9609-70AC4ADB2775}"
	ProjectSection(ProjectDependencies) = postProject
		{B44021C1-108D-370A-9E89-73D5B04CEDF7} = {B44021C1-108D-370A-9E89-73D5B04CEDF7}
	EndProjectSection
EndProject
Global
	GlobalSection(SolutionConfigurationPlatforms) = preSolution
		Debug|x64 = Debug|x64
		Release|x64 = Release|x64
	EndGlobalSection
	GlobalSection(ProjectConfigurationPlatforms) = postSolution
		{1BF3C5FF-A35B-35B9-B663-0D1DC70C6502}.Debug|x64.ActiveCfg = Debug|x64
		{1BF3C5FF-A35B-35B9-B663-0D1DC70C6502}.Release|x64.ActiveCfg = Release|x64
		{B44021C1-108D-370A-9E89-73D5B04CEDF7}.Debug|x64.ActiveCfg = Debug|x64
		{B44021C1-108D-370A-9E89-73D5B04CEDF7}.Debug|x64.Build.0 = Debug|x64
		{B44021C1-108D-370A-9E89-73D5B04CEDF7}.Release|x64.ActiveCfg = Release|x64
		{B44021C1-108D-370A-9E89-73D5B04CEDF7}.Release|x64.Build.0 = Release|x64
		{CE07F040-4E18-3860-A0D2-2CAE05B19D98}.Debug|x64.ActiveCfg = Debug|x64
		{CE07F040-4E18-3860-A0D2-2CAE05B19D98}.Debug|x64.Build.0 = Debug|x64
		{CE07F040-4E18-3860-A0D2-2CAE05B19D98}.Release|x64.ActiveCfg = Release|x64
		{CE07F040-4E18-3860-A0D2-2CAE05B19D98}.Release|x64.Build.0 = Release|x64
		{EB201D37-D609-3875-8F81-F4BEAD4A77C4}.Debug|x64.ActiveCfg = Debug|x64
		{EB201D37-D609-3875-8F81-F4BEAD4A77C4}.Release|x64.ActiveCfg = Release|x64
		{EE8C5FC6-279D-3855-8D5E-15F457158976}.Debug|x64.ActiveCfg = Debug|x64
		{EE8C5FC6-279D-3855-8D5E-15F457158976}.Release|x64.ActiveCfg = Release|x64
		{9585DCED-8A5C-39CE-AB63-8CFC0014F5E7}.Debug|x64.ActiveCfg = Debug|x64
		{9585DCED-8A5C-39CE-AB63-8CFC0014F5E7}.Debug|x64.Build.0 = Debug|x64
		{9585DCED-8A5C-39CE-AB63-8CFC0014F5E7}.Release|x64.ActiveCfg = Release|x64
		{9585DCED-8A5C-39CE-AB63-8CFC0014F5E7}.Release|x64.Build.0 = Release|x64
		{EBADDA9B-156E-37EF-BE5F-65A84B41F92A}.Debug|x64.ActiveCfg = Debug|x64
		{EBADDA9B-156E-37EF-BE5F-65A84B41F92A}.Debug|x64.Build.0 = Debug|x64
		{EBADDA9B-156E-37EF-BE5F-65A84B41F92A}.Release|x64.ActiveCfg = Release|x64
		{EBADDA9B-156E-37EF-BE5F-65A84B41F92A}.Release|x64.Build.0 = Release|x64
		{2EE76731-BF46-32A6-9CA8-6440F56F9E3E}.Debug|x64.ActiveCfg = Debug|x64
		{2EE76731-BF46-32A6-9CA8-6440F56F9E3E}.Debug|x64.Build.0 = Debug|x64
		{2EE76731-BF46-32A6-9CA8-6440F56F9E3E}.Release|x64.ActiveCfg = Release|x64
		{2EE76731-BF46-32A6-9CA8-6440F56F9E3E}.Release|x64.Build.0 = Release|x64
		{8D9B1D6F-0290-3965-BFCE-99D7B1B45C4C}.Debug|x64.ActiveCfg = Debug|x64
		{8D9B1D6F-0290-3965-BFCE-99D7B1B45C4C}.Debug|x64.Build.0 = Debug|x64
		{8D9B1D6F-0290-3965-BFCE-99D7B1B45C4C}.Release|x64.ActiveCfg = Release|x64
		{8D9B1D6F-0290-3965-BFCE-99D7B1B45C4C}.Release|x64.Build.0 = Release|x64
		{C4342937-E66A-3841-BCAB-D99FCAA8C615}.Debug|x64.ActiveCfg = Debug|x64
		{C4342937-E66A-3841-BCAB-D99FCAA8C615}.Debug|x64.Build.0 = Debug|x64
		{C4342937-E66A-3841-BCAB-D99FCAA8C615}.Release|x64.ActiveCfg = Release|x64
		{C4342937-E66A-3841-BCAB-D99FCAA8C615}.Release|x64.Build.0 = Release|x64
		{4AA4AA3A-29EC-3F69-B8EF-8A822EFEEFFE}.Debug|x64.ActiveCfg = Debug|x64
		{4AA4AA3A-29EC-3F69-B8EF-8A822EFEEFFE}.Debug|x64.Build.0 = Debug|x64
		{4AA4AA3A-29EC-3F69-B8EF-8A822EFEEFFE}.Release|x64.ActiveCfg = Release|x64
		{4AA4AA3A-29EC-3F69-B8EF-8A822EFEEFFE}.Release|x64.Build.0 = Release|x64
		{DDF11400-0347-32CA-9AB6-5708D2F8ABE5}.Debug|x64.ActiveCfg = Debug|x64
		{DDF11400-0347-32CA-9AB6-5708D2F8ABE5}.Debug|x64.Build.0 = Debug|x64
		{DDF11400-0347-32CA-9AB6-5708D2F8ABE5}.Release|x64.ActiveCfg = Release|x64
		{DDF11400-0347-32CA-9AB6-5708D2F8ABE5}.Release|x64.Build.0 = Release|x64
		{D4499066-C91C-3616-BD94-410CE7025C52}.Debug|x64.ActiveCfg = Debug|x64
		{D4499066-C91C-3616-BD94-410CE7025C52}.Debug|x64.Build.0 = Debug|x64
		{D4499066-C91C-3616-BD94-410CE7025C52}.Release|x64.ActiveCfg = Release|x64
		{D4499066-C91C-3616-BD94-410CE7025C52}.Release|x64.Build.0 = Release|x64
		{D25A6F21-6944-3302-B729-E908DCFDBDC1}.Debug|x64.ActiveCfg = Debug|x64
		{D25A6F21-6944-3302-B729-E908DCFDBDC1}.Debug|x64.Build.0 = Debug|x64
		{D25A6F21-6944-3302-B729-E908DCFDBDC1}.Release|x64.ActiveCfg = Release|x64
		{D25A6F21-6944-3302-B729-E908DCFDBDC1}.Release|x64.Build.0 = Release|x64
		{520385C9-73E4-33FF-97F0-FFC955B3FA04}.Debug|x64.ActiveCfg = Debug|x64
		{520385C9-73E4-33FF-97F0-FFC955B3FA04}.Debug|x64.Build.0 = Debug|x64
		{520385C9-73E4-33FF-97F0-FFC955B3FA04}.Release|x64.ActiveCfg = Release|x64
		{520385C9-73E4-33FF-97F0-FFC955B3FA04}.Release|x64.Build.0 = Release|x64
		{DCE2B7FB-D9E8-3EE6-9609-70AC4ADB2775}.Debug|x64.ActiveCfg = Debug|x64
		{DCE2B7FB-D9E8-3EE6-9609-70AC4ADB2775}.Debug|x64.Build.0 = Debug|x64
		{DCE2B7FB-D9E8-3EE6-9609-70AC4ADB2775}.Release|x64.ActiveCfg = Release|x64
		{DCE2B7FB-D9E8-3EE6-9609-70AC4ADB2775}.Release|x64.Build.0 = Release|x64
	EndGlobalSection
	GlobalSection(NestedProjects) = preSolution
		{4AA4AA3A-29EC-3F69-B8EF-8A822EFEEFFE} = {F01533EA-A687-3608-9F2E-D9ABE2A2DD0E}
		{CE07F040-4E18-3860-A0D2-2CAE05B19D98} = {77707331-FB65-3380-8425-44A3CD87D8D5}
		{EB201D37-D609-3875-8F81-F4BEAD4A77C4} = {77707331-FB65-3380-8425-44A3CD87D8D5}
		{EE8C5FC6-279D-3855-8D5E-15F457158976} = {77707331-FB65-3380-8425-44A3CD87D8D5}
		{EBADDA9B-156E-37EF-BE5F-65A84B41F92A} = {77707331-FB65-3380-8425-44A3CD87D8D5}
		{2EE76731-BF46-32A6-9CA8-6440F56F9E3E} = {77707331-FB65-3380-8425-44A3CD87D8D5}
		{8D9B1D6F-0290-3965-BFCE-99D7B1B45C4C} = {77707331-FB65-3380-8425-44A3CD87D8D5}
		{C4342937-E66A-3841-BCAB-D99FCAA8C615} = {77707331-FB65-3380-8425-44A3CD87D8D5}
		{DDF11400-0347-32CA-9AB6-5708D2F8ABE5} = {77707331-FB65-3380-8425-44A3CD87D8D5}
		{D4499066-C91C-3616-BD94-410CE7025C52} = {77707331-FB65-3380-8425-44A3CD87D8D5}
		{D25A6F21-6944-3302-B729-E908DCFDBDC1} = {77707331-FB65-3380-8425-44A3CD87D8D5}
		{520385C9-73E4-33FF-97F0-FFC955B3FA04} = {77707331-FB65-3380-8425-44A3CD87D8D5}
		{1BF3C5FF-A35B-35B9-B663-0D1DC70C6502} = {50FE5C33-BE10-303F-997E-0D6AC4CBE3A1}
		{B44021C1-108D-370A-9E89-73D5B04CEDF7} = {50FE5C33-BE10-303F-997E-0D6AC4CBE3A1}
		{9585DCED-8A5C-39CE-AB63-8CFC0014F5E7} = {EB4CA975-9440-3C4E-BF7B-7FD6ED0AB1C8}
	EndGlobalSection
	GlobalSection(ExtensibilityGlobals) = postSolution
		SolutionGuid = {ED6232AF-CF1E-37AD-87F7-295FE8E9552F}
	EndGlobalSection
	GlobalSection(ExtensibilityAddIns) = postSolution
	EndGlobalSection
EndGlobal
