<?xml version="1.0" encoding="utf-8"?>
<Project ToolsVersion="17.0" xmlns="http://schemas.microsoft.com/developer/msbuild/2003">
  <ItemGroup>
    <CustomBuild Include="C:\Users\Pete\source\repos\Peu1\PEU\1\build\CMakeFiles\a3983d5e57e33bb2140fad6f23a57769\generate.stamp.rule">
      <Filter>CMake Rules</Filter>
    </CustomBuild>
  </ItemGroup>
  <ItemGroup>
    <Filter Include="CMake Rules">
      <UniqueIdentifier>{9DF00E8A-90C9-3C61-AE06-02C0A02FAA9A}</UniqueIdentifier>
    </Filter>
  </ItemGroup>
</Project>
